// !$*UTF8*$!
{
	archiveVersion = 1;
	classes = {
	};
	objectVersion = 46;
	objects = {

/* Begin PBXBuildFile section */
		90306E111926B326002F90C8 /* PBTacheMonteurChantier.m in Sources */ = {isa = PBXBuildFile; fileRef = 90306E101926B326002F90C8 /* PBTacheMonteurChantier.m */; };
		90306E141926C019002F90C8 /* PBDetailedTacheMonteurChantierViewController.m in Sources */ = {isa = PBXBuildFile; fileRef = 90306E131926C019002F90C8 /* PBDetailedTacheMonteurChantierViewController.m */; };
		904A8C5C19410FFF0044253F /* LogoGraniou.png in Resources */ = {isa = PBXBuildFile; fileRef = 904A8C5B19410FFF0044253F /* LogoGraniou.png */; };
		90B94BF2191BD87C0062F7CA /* PBChantier.m in Sources */ = {isa = PBXBuildFile; fileRef = 90B94BF1191BD87C0062F7CA /* PBChantier.m */; };
		90BEBE251924A30C00F72C3B /* PBPresentationChantierViewController.m in Sources */ = {isa = PBXBuildFile; fileRef = 90BEBE241924A30C00F72C3B /* PBPresentationChantierViewController.m */; };
		90C6F1D4192B6D98003E4A36 /* PBListeDocumentsTableTableViewController.m in Sources */ = {isa = PBXBuildFile; fileRef = 90C6F1D3192B6D98003E4A36 /* PBListeDocumentsTableTableViewController.m */; };
		90C6F1DA192B718B003E4A36 /* PBShowPDFViewController.m in Sources */ = {isa = PBXBuildFile; fileRef = 90C6F1D9192B718B003E4A36 /* PBShowPDFViewController.m */; };
		90C765A61917FA5700FD58C0 /* Foundation.framework in Frameworks */ = {isa = PBXBuildFile; fileRef = 90C765A51917FA5700FD58C0 /* Foundation.framework */; };
		90C765A81917FA5700FD58C0 /* CoreGraphics.framework in Frameworks */ = {isa = PBXBuildFile; fileRef = 90C765A71917FA5700FD58C0 /* CoreGraphics.framework */; };
		90C765AA1917FA5700FD58C0 /* UIKit.framework in Frameworks */ = {isa = PBXBuildFile; fileRef = 90C765A91917FA5700FD58C0 /* UIKit.framework */; };
		90C765B01917FA5700FD58C0 /* InfoPlist.strings in Resources */ = {isa = PBXBuildFile; fileRef = 90C765AE1917FA5700FD58C0 /* InfoPlist.strings */; };
		90C765B21917FA5700FD58C0 /* main.m in Sources */ = {isa = PBXBuildFile; fileRef = 90C765B11917FA5700FD58C0 /* main.m */; };
		90C765B61917FA5700FD58C0 /* PBAppDelegate.m in Sources */ = {isa = PBXBuildFile; fileRef = 90C765B51917FA5700FD58C0 /* PBAppDelegate.m */; };
		90C765B91917FA5700FD58C0 /* Main_iPhone.storyboard in Resources */ = {isa = PBXBuildFile; fileRef = 90C765B71917FA5700FD58C0 /* Main_iPhone.storyboard */; };
		90C765BC1917FA5700FD58C0 /* Main_iPad.storyboard in Resources */ = {isa = PBXBuildFile; fileRef = 90C765BA1917FA5700FD58C0 /* Main_iPad.storyboard */; };
		90C765C11917FA5700FD58C0 /* Images.xcassets in Resources */ = {isa = PBXBuildFile; fileRef = 90C765C01917FA5700FD58C0 /* Images.xcassets */; };
		90C765E41917FC2C00FD58C0 /* UILabel+dynamicSizeMe.m in Sources */ = {isa = PBXBuildFile; fileRef = 90C765E31917FC2C00FD58C0 /* UILabel+dynamicSizeMe.m */; };
		90C765F11917FC7600FD58C0 /* PBTakePhotoViewController.m in Sources */ = {isa = PBXBuildFile; fileRef = 90C765EA1917FC7600FD58C0 /* PBTakePhotoViewController.m */; };
		90C765F31917FC7600FD58C0 /* PBSaisieCommentaireViewController.m in Sources */ = {isa = PBXBuildFile; fileRef = 90C765EE1917FC7600FD58C0 /* PBSaisieCommentaireViewController.m */; };
		90C765F8191823BA00FD58C0 /* PBTacheMonteurLeveeReserve.m in Sources */ = {isa = PBXBuildFile; fileRef = 90C765F7191823BA00FD58C0 /* PBTacheMonteurLeveeReserve.m */; };
		90C8016219213BCB0024586E /* PBLoadChantierController.m in Sources */ = {isa = PBXBuildFile; fileRef = 90C8015F19213BCB0024586E /* PBLoadChantierController.m */; };
		90C8016319213BCB0024586E /* PBLoginViewController.m in Sources */ = {isa = PBXBuildFile; fileRef = 90C8016119213BCB0024586E /* PBLoginViewController.m */; };
		90C80168192140190024586E /* PBMenuPrincipalViewController.m in Sources */ = {isa = PBXBuildFile; fileRef = 90C80167192140190024586E /* PBMenuPrincipalViewController.m */; };
		90C8016F192140B60024586E /* PBMenuMonteurViewController.m in Sources */ = {isa = PBXBuildFile; fileRef = 90C8016C192140B60024586E /* PBMenuMonteurViewController.m */; };
		90C80170192140B60024586E /* PBMenuChantierViewController.m in Sources */ = {isa = PBXBuildFile; fileRef = 90C8016E192140B60024586E /* PBMenuChantierViewController.m */; };
		90C80173192140C70024586E /* PBMenuConducteurViewController.m in Sources */ = {isa = PBXBuildFile; fileRef = 90C80172192140C70024586E /* PBMenuConducteurViewController.m */; };
		90C80177192144B10024586E /* UIImage+EncodeImageToString.m in Sources */ = {isa = PBXBuildFile; fileRef = 90C80176192144B10024586E /* UIImage+EncodeImageToString.m */; };
		90C8017A192145500024586E /* NSString+DecodeToImage.m in Sources */ = {isa = PBXBuildFile; fileRef = 90C80179192145500024586E /* NSString+DecodeToImage.m */; };
		90C801AB1921704D0024586E /* PBUserSyncController.m in Sources */ = {isa = PBXBuildFile; fileRef = 90C801AA1921704D0024586E /* PBUserSyncController.m */; };
		90CA1EF319333AFF00E335F4 /* PBNetworkingSendTaches.m in Sources */ = {isa = PBXBuildFile; fileRef = 90CA1EF219333AFF00E335F4 /* PBNetworkingSendTaches.m */; };
		90CB2CBA191A2253006AA73A /* PBDetailedTacheMonteurLeveeReserveViewController.m in Sources */ = {isa = PBXBuildFile; fileRef = 90CB2CB9191A2253006AA73A /* PBDetailedTacheMonteurLeveeReserveViewController.m */; };
		90CB2CBE191A653E006AA73A /* fond-1.jpg in Resources */ = {isa = PBXBuildFile; fileRef = 90CB2CBC191A653E006AA73A /* fond-1.jpg */; };
		90CD2B22192759950018DF16 /* PBTacheMonteurChantierTableViewController.m in Sources */ = {isa = PBXBuildFile; fileRef = 90CD2B21192759950018DF16 /* PBTacheMonteurChantierTableViewController.m */; };
		90CD2B25192764AB0018DF16 /* PBTacheMonteurLeveeReserveTableViewController.m in Sources */ = {isa = PBXBuildFile; fileRef = 90CD2B24192764AB0018DF16 /* PBTacheMonteurLeveeReserveTableViewController.m */; };
		90D00BEF19236091002817BC /* PBNetworking.m in Sources */ = {isa = PBXBuildFile; fileRef = 90D00BEE19236091002817BC /* PBNetworking.m */; };
/* End PBXBuildFile section */

/* Begin PBXFileReference section */
		90306E0F1926B326002F90C8 /* PBTacheMonteurChantier.h */ = {isa = PBXFileReference; fileEncoding = 4; lastKnownFileType = sourcecode.c.h; path = PBTacheMonteurChantier.h; sourceTree = "<group>"; };
		90306E101926B326002F90C8 /* PBTacheMonteurChantier.m */ = {isa = PBXFileReference; fileEncoding = 4; lastKnownFileType = sourcecode.c.objc; path = PBTacheMonteurChantier.m; sourceTree = "<group>"; };
		90306E121926C019002F90C8 /* PBDetailedTacheMonteurChantierViewController.h */ = {isa = PBXFileReference; fileEncoding = 4; lastKnownFileType = sourcecode.c.h; path = PBDetailedTacheMonteurChantierViewController.h; sourceTree = "<group>"; };
		90306E131926C019002F90C8 /* PBDetailedTacheMonteurChantierViewController.m */ = {isa = PBXFileReference; fileEncoding = 4; lastKnownFileType = sourcecode.c.objc; path = PBDetailedTacheMonteurChantierViewController.m; sourceTree = "<group>"; };
		904A8C5B19410FFF0044253F /* LogoGraniou.png */ = {isa = PBXFileReference; lastKnownFileType = image.png; path = LogoGraniou.png; sourceTree = "<group>"; };
		90B94BF0191BD87C0062F7CA /* PBChantier.h */ = {isa = PBXFileReference; fileEncoding = 4; lastKnownFileType = sourcecode.c.h; path = PBChantier.h; sourceTree = "<group>"; };
		90B94BF1191BD87C0062F7CA /* PBChantier.m */ = {isa = PBXFileReference; fileEncoding = 4; lastKnownFileType = sourcecode.c.objc; path = PBChantier.m; sourceTree = "<group>"; };
		90BEBE231924A30C00F72C3B /* PBPresentationChantierViewController.h */ = {isa = PBXFileReference; fileEncoding = 4; lastKnownFileType = sourcecode.c.h; path = PBPresentationChantierViewController.h; sourceTree = "<group>"; };
		90BEBE241924A30C00F72C3B /* PBPresentationChantierViewController.m */ = {isa = PBXFileReference; fileEncoding = 4; lastKnownFileType = sourcecode.c.objc; path = PBPresentationChantierViewController.m; sourceTree = "<group>"; };
		90C6F1D2192B6D98003E4A36 /* PBListeDocumentsTableTableViewController.h */ = {isa = PBXFileReference; fileEncoding = 4; lastKnownFileType = sourcecode.c.h; path = PBListeDocumentsTableTableViewController.h; sourceTree = "<group>"; };
		90C6F1D3192B6D98003E4A36 /* PBListeDocumentsTableTableViewController.m */ = {isa = PBXFileReference; fileEncoding = 4; lastKnownFileType = sourcecode.c.objc; path = PBListeDocumentsTableTableViewController.m; sourceTree = "<group>"; };
		90C6F1D8192B718B003E4A36 /* PBShowPDFViewController.h */ = {isa = PBXFileReference; fileEncoding = 4; lastKnownFileType = sourcecode.c.h; path = PBShowPDFViewController.h; sourceTree = "<group>"; };
		90C6F1D9192B718B003E4A36 /* PBShowPDFViewController.m */ = {isa = PBXFileReference; fileEncoding = 4; lastKnownFileType = sourcecode.c.objc; path = PBShowPDFViewController.m; sourceTree = "<group>"; };
		90C765A21917FA5700FD58C0 /* GraniouProject.app */ = {isa = PBXFileReference; explicitFileType = wrapper.application; includeInIndex = 0; path = GraniouProject.app; sourceTree = BUILT_PRODUCTS_DIR; };
		90C765A51917FA5700FD58C0 /* Foundation.framework */ = {isa = PBXFileReference; lastKnownFileType = wrapper.framework; name = Foundation.framework; path = System/Library/Frameworks/Foundation.framework; sourceTree = SDKROOT; };
		90C765A71917FA5700FD58C0 /* CoreGraphics.framework */ = {isa = PBXFileReference; lastKnownFileType = wrapper.framework; name = CoreGraphics.framework; path = System/Library/Frameworks/CoreGraphics.framework; sourceTree = SDKROOT; };
		90C765A91917FA5700FD58C0 /* UIKit.framework */ = {isa = PBXFileReference; lastKnownFileType = wrapper.framework; name = UIKit.framework; path = System/Library/Frameworks/UIKit.framework; sourceTree = SDKROOT; };
		90C765AD1917FA5700FD58C0 /* GraniouProject-Info.plist */ = {isa = PBXFileReference; lastKnownFileType = text.plist.xml; path = "GraniouProject-Info.plist"; sourceTree = "<group>"; };
		90C765AF1917FA5700FD58C0 /* en */ = {isa = PBXFileReference; lastKnownFileType = text.plist.strings; name = en; path = en.lproj/InfoPlist.strings; sourceTree = "<group>"; };
		90C765B11917FA5700FD58C0 /* main.m */ = {isa = PBXFileReference; lastKnownFileType = sourcecode.c.objc; path = main.m; sourceTree = "<group>"; };
		90C765B31917FA5700FD58C0 /* GraniouProject-Prefix.pch */ = {isa = PBXFileReference; lastKnownFileType = sourcecode.c.h; path = "GraniouProject-Prefix.pch"; sourceTree = "<group>"; };
		90C765B41917FA5700FD58C0 /* PBAppDelegate.h */ = {isa = PBXFileReference; lastKnownFileType = sourcecode.c.h; path = PBAppDelegate.h; sourceTree = "<group>"; };
		90C765B51917FA5700FD58C0 /* PBAppDelegate.m */ = {isa = PBXFileReference; lastKnownFileType = sourcecode.c.objc; path = PBAppDelegate.m; sourceTree = "<group>"; };
		90C765B81917FA5700FD58C0 /* Base */ = {isa = PBXFileReference; lastKnownFileType = file.storyboard; name = Base; path = Base.lproj/Main_iPhone.storyboard; sourceTree = "<group>"; };
		90C765BB1917FA5700FD58C0 /* Base */ = {isa = PBXFileReference; lastKnownFileType = file.storyboard; name = Base; path = Base.lproj/Main_iPad.storyboard; sourceTree = "<group>"; };
		90C765C01917FA5700FD58C0 /* Images.xcassets */ = {isa = PBXFileReference; lastKnownFileType = folder.assetcatalog; path = Images.xcassets; sourceTree = "<group>"; };
		90C765C71917FA5700FD58C0 /* XCTest.framework */ = {isa = PBXFileReference; lastKnownFileType = wrapper.framework; name = XCTest.framework; path = Library/Frameworks/XCTest.framework; sourceTree = DEVELOPER_DIR; };
		90C765E21917FC2C00FD58C0 /* UILabel+dynamicSizeMe.h */ = {isa = PBXFileReference; fileEncoding = 4; lastKnownFileType = sourcecode.c.h; path = "UILabel+dynamicSizeMe.h"; sourceTree = "<group>"; };
		90C765E31917FC2C00FD58C0 /* UILabel+dynamicSizeMe.m */ = {isa = PBXFileReference; fileEncoding = 4; lastKnownFileType = sourcecode.c.objc; path = "UILabel+dynamicSizeMe.m"; sourceTree = "<group>"; };
		90C765E91917FC7600FD58C0 /* PBTakePhotoViewController.h */ = {isa = PBXFileReference; fileEncoding = 4; lastKnownFileType = sourcecode.c.h; path = PBTakePhotoViewController.h; sourceTree = "<group>"; };
		90C765EA1917FC7600FD58C0 /* PBTakePhotoViewController.m */ = {isa = PBXFileReference; fileEncoding = 4; lastKnownFileType = sourcecode.c.objc; path = PBTakePhotoViewController.m; sourceTree = "<group>"; };
		90C765ED1917FC7600FD58C0 /* PBSaisieCommentaireViewController.h */ = {isa = PBXFileReference; fileEncoding = 4; lastKnownFileType = sourcecode.c.h; path = PBSaisieCommentaireViewController.h; sourceTree = "<group>"; };
		90C765EE1917FC7600FD58C0 /* PBSaisieCommentaireViewController.m */ = {isa = PBXFileReference; fileEncoding = 4; lastKnownFileType = sourcecode.c.objc; path = PBSaisieCommentaireViewController.m; sourceTree = "<group>"; };
		90C765F6191823BA00FD58C0 /* PBTacheMonteurLeveeReserve.h */ = {isa = PBXFileReference; fileEncoding = 4; lastKnownFileType = sourcecode.c.h; path = PBTacheMonteurLeveeReserve.h; sourceTree = "<group>"; };
		90C765F7191823BA00FD58C0 /* PBTacheMonteurLeveeReserve.m */ = {isa = PBXFileReference; fileEncoding = 4; lastKnownFileType = sourcecode.c.objc; path = PBTacheMonteurLeveeReserve.m; sourceTree = "<group>"; };
		90C8015E19213BCB0024586E /* PBLoadChantierController.h */ = {isa = PBXFileReference; fileEncoding = 4; lastKnownFileType = sourcecode.c.h; path = PBLoadChantierController.h; sourceTree = "<group>"; };
		90C8015F19213BCB0024586E /* PBLoadChantierController.m */ = {isa = PBXFileReference; fileEncoding = 4; lastKnownFileType = sourcecode.c.objc; path = PBLoadChantierController.m; sourceTree = "<group>"; };
		90C8016019213BCB0024586E /* PBLoginViewController.h */ = {isa = PBXFileReference; fileEncoding = 4; lastKnownFileType = sourcecode.c.h; path = PBLoginViewController.h; sourceTree = "<group>"; };
		90C8016119213BCB0024586E /* PBLoginViewController.m */ = {isa = PBXFileReference; fileEncoding = 4; lastKnownFileType = sourcecode.c.objc; path = PBLoginViewController.m; sourceTree = "<group>"; };
		90C80166192140190024586E /* PBMenuPrincipalViewController.h */ = {isa = PBXFileReference; fileEncoding = 4; lastKnownFileType = sourcecode.c.h; path = PBMenuPrincipalViewController.h; sourceTree = "<group>"; };
		90C80167192140190024586E /* PBMenuPrincipalViewController.m */ = {isa = PBXFileReference; fileEncoding = 4; lastKnownFileType = sourcecode.c.objc; path = PBMenuPrincipalViewController.m; sourceTree = "<group>"; };
		90C8016B192140B60024586E /* PBMenuMonteurViewController.h */ = {isa = PBXFileReference; fileEncoding = 4; lastKnownFileType = sourcecode.c.h; path = PBMenuMonteurViewController.h; sourceTree = "<group>"; };
		90C8016C192140B60024586E /* PBMenuMonteurViewController.m */ = {isa = PBXFileReference; fileEncoding = 4; lastKnownFileType = sourcecode.c.objc; path = PBMenuMonteurViewController.m; sourceTree = "<group>"; };
		90C8016D192140B60024586E /* PBMenuChantierViewController.h */ = {isa = PBXFileReference; fileEncoding = 4; lastKnownFileType = sourcecode.c.h; path = PBMenuChantierViewController.h; sourceTree = "<group>"; };
		90C8016E192140B60024586E /* PBMenuChantierViewController.m */ = {isa = PBXFileReference; fileEncoding = 4; lastKnownFileType = sourcecode.c.objc; path = PBMenuChantierViewController.m; sourceTree = "<group>"; };
		90C80171192140C70024586E /* PBMenuConducteurViewController.h */ = {isa = PBXFileReference; fileEncoding = 4; lastKnownFileType = sourcecode.c.h; path = PBMenuConducteurViewController.h; sourceTree = "<group>"; };
		90C80172192140C70024586E /* PBMenuConducteurViewController.m */ = {isa = PBXFileReference; fileEncoding = 4; lastKnownFileType = sourcecode.c.objc; path = PBMenuConducteurViewController.m; sourceTree = "<group>"; };
		90C80175192144B10024586E /* UIImage+EncodeImageToString.h */ = {isa = PBXFileReference; fileEncoding = 4; lastKnownFileType = sourcecode.c.h; path = "UIImage+EncodeImageToString.h"; sourceTree = "<group>"; };
		90C80176192144B10024586E /* UIImage+EncodeImageToString.m */ = {isa = PBXFileReference; fileEncoding = 4; lastKnownFileType = sourcecode.c.objc; path = "UIImage+EncodeImageToString.m"; sourceTree = "<group>"; };
		90C80178192145500024586E /* NSString+DecodeToImage.h */ = {isa = PBXFileReference; fileEncoding = 4; lastKnownFileType = sourcecode.c.h; path = "NSString+DecodeToImage.h"; sourceTree = "<group>"; };
		90C80179192145500024586E /* NSString+DecodeToImage.m */ = {isa = PBXFileReference; fileEncoding = 4; lastKnownFileType = sourcecode.c.objc; path = "NSString+DecodeToImage.m"; sourceTree = "<group>"; };
		90C801A91921704D0024586E /* PBUserSyncController.h */ = {isa = PBXFileReference; fileEncoding = 4; lastKnownFileType = sourcecode.c.h; path = PBUserSyncController.h; sourceTree = "<group>"; };
		90C801AA1921704D0024586E /* PBUserSyncController.m */ = {isa = PBXFileReference; fileEncoding = 4; lastKnownFileType = sourcecode.c.objc; path = PBUserSyncController.m; sourceTree = "<group>"; };
		90CA1EF119333AFF00E335F4 /* PBNetworkingSendTaches.h */ = {isa = PBXFileReference; fileEncoding = 4; lastKnownFileType = sourcecode.c.h; path = PBNetworkingSendTaches.h; sourceTree = "<group>"; };
		90CA1EF219333AFF00E335F4 /* PBNetworkingSendTaches.m */ = {isa = PBXFileReference; fileEncoding = 4; lastKnownFileType = sourcecode.c.objc; path = PBNetworkingSendTaches.m; sourceTree = "<group>"; };
		90CB2CB8191A2253006AA73A /* PBDetailedTacheMonteurLeveeReserveViewController.h */ = {isa = PBXFileReference; fileEncoding = 4; lastKnownFileType = sourcecode.c.h; path = PBDetailedTacheMonteurLeveeReserveViewController.h; sourceTree = "<group>"; };
		90CB2CB9191A2253006AA73A /* PBDetailedTacheMonteurLeveeReserveViewController.m */ = {isa = PBXFileReference; fileEncoding = 4; lastKnownFileType = sourcecode.c.objc; path = PBDetailedTacheMonteurLeveeReserveViewController.m; sourceTree = "<group>"; };
		90CB2CBC191A653E006AA73A /* fond-1.jpg */ = {isa = PBXFileReference; lastKnownFileType = image.jpeg; path = "fond-1.jpg"; sourceTree = "<group>"; };
		90CD2B20192759950018DF16 /* PBTacheMonteurChantierTableViewController.h */ = {isa = PBXFileReference; fileEncoding = 4; lastKnownFileType = sourcecode.c.h; path = PBTacheMonteurChantierTableViewController.h; sourceTree = "<group>"; };
		90CD2B21192759950018DF16 /* PBTacheMonteurChantierTableViewController.m */ = {isa = PBXFileReference; fileEncoding = 4; lastKnownFileType = sourcecode.c.objc; path = PBTacheMonteurChantierTableViewController.m; sourceTree = "<group>"; };
		90CD2B23192764AB0018DF16 /* PBTacheMonteurLeveeReserveTableViewController.h */ = {isa = PBXFileReference; fileEncoding = 4; lastKnownFileType = sourcecode.c.h; path = PBTacheMonteurLeveeReserveTableViewController.h; sourceTree = "<group>"; };
		90CD2B24192764AB0018DF16 /* PBTacheMonteurLeveeReserveTableViewController.m */ = {isa = PBXFileReference; fileEncoding = 4; lastKnownFileType = sourcecode.c.objc; path = PBTacheMonteurLeveeReserveTableViewController.m; sourceTree = "<group>"; };
		90D00BED19236091002817BC /* PBNetworking.h */ = {isa = PBXFileReference; fileEncoding = 4; lastKnownFileType = sourcecode.c.h; path = PBNetworking.h; sourceTree = "<group>"; };
		90D00BEE19236091002817BC /* PBNetworking.m */ = {isa = PBXFileReference; fileEncoding = 4; lastKnownFileType = sourcecode.c.objc; path = PBNetworking.m; sourceTree = "<group>"; };
/* End PBXFileReference section */

/* Begin PBXFrameworksBuildPhase section */
		90C7659F1917FA5700FD58C0 /* Frameworks */ = {
			isa = PBXFrameworksBuildPhase;
			buildActionMask = 2147483647;
			files = (
				90C765A81917FA5700FD58C0 /* CoreGraphics.framework in Frameworks */,
				90C765AA1917FA5700FD58C0 /* UIKit.framework in Frameworks */,
				90C765A61917FA5700FD58C0 /* Foundation.framework in Frameworks */,
			);
			runOnlyForDeploymentPostprocessing = 0;
		};
/* End PBXFrameworksBuildPhase section */

/* Begin PBXGroup section */
		90306E151926C02E002F90C8 /* 1.1-MenuChantier */ = {
			isa = PBXGroup;
			children = (
				90C8016D192140B60024586E /* PBMenuChantierViewController.h */,
				90C8016E192140B60024586E /* PBMenuChantierViewController.m */,
				90306E181926C0D5002F90C8 /* 1.1.1-MenuTaches */,
				90306E191926C0EA002F90C8 /* 1.1.2-MenuDocuments */,
			);
			name = "1.1-MenuChantier";
			sourceTree = "<group>";
		};
		90306E161926C073002F90C8 /* 1.2-MenuAutoControle */ = {
			isa = PBXGroup;
			children = (
			);
			name = "1.2-MenuAutoControle";
			sourceTree = "<group>";
		};
		90306E171926C074002F90C8 /* 1.3-MenuLeveeReserve */ = {
			isa = PBXGroup;
			children = (
				90CD2B23192764AB0018DF16 /* PBTacheMonteurLeveeReserveTableViewController.h */,
				90CD2B24192764AB0018DF16 /* PBTacheMonteurLeveeReserveTableViewController.m */,
				90CB2CB8191A2253006AA73A /* PBDetailedTacheMonteurLeveeReserveViewController.h */,
				90CB2CB9191A2253006AA73A /* PBDetailedTacheMonteurLeveeReserveViewController.m */,
			);
			name = "1.3-MenuLeveeReserve";
			sourceTree = "<group>";
		};
		90306E181926C0D5002F90C8 /* 1.1.1-MenuTaches */ = {
			isa = PBXGroup;
			children = (
				90CD2B20192759950018DF16 /* PBTacheMonteurChantierTableViewController.h */,
				90CD2B21192759950018DF16 /* PBTacheMonteurChantierTableViewController.m */,
				90306E121926C019002F90C8 /* PBDetailedTacheMonteurChantierViewController.h */,
				90306E131926C019002F90C8 /* PBDetailedTacheMonteurChantierViewController.m */,
			);
			name = "1.1.1-MenuTaches";
			sourceTree = "<group>";
		};
		90306E191926C0EA002F90C8 /* 1.1.2-MenuDocuments */ = {
			isa = PBXGroup;
			children = (
				90C6F1D2192B6D98003E4A36 /* PBListeDocumentsTableTableViewController.h */,
				90C6F1D3192B6D98003E4A36 /* PBListeDocumentsTableTableViewController.m */,
				90C6F1D8192B718B003E4A36 /* PBShowPDFViewController.h */,
				90C6F1D9192B718B003E4A36 /* PBShowPDFViewController.m */,
			);
			name = "1.1.2-MenuDocuments";
			sourceTree = "<group>";
		};
		907A8495192A1F63003809E3 /* Taches */ = {
			isa = PBXGroup;
			children = (
				90C765F6191823BA00FD58C0 /* PBTacheMonteurLeveeReserve.h */,
				90C765F7191823BA00FD58C0 /* PBTacheMonteurLeveeReserve.m */,
				90306E0F1926B326002F90C8 /* PBTacheMonteurChantier.h */,
				90306E101926B326002F90C8 /* PBTacheMonteurChantier.m */,
			);
			name = Taches;
			sourceTree = "<group>";
		};
		90C765991917FA5700FD58C0 = {
			isa = PBXGroup;
			children = (
				90C765AB1917FA5700FD58C0 /* GraniouProject */,
				90C765A41917FA5700FD58C0 /* Frameworks */,
				90C765A31917FA5700FD58C0 /* Products */,
			);
			sourceTree = "<group>";
		};
		90C765A31917FA5700FD58C0 /* Products */ = {
			isa = PBXGroup;
			children = (
				90C765A21917FA5700FD58C0 /* GraniouProject.app */,
			);
			name = Products;
			sourceTree = "<group>";
		};
		90C765A41917FA5700FD58C0 /* Frameworks */ = {
			isa = PBXGroup;
			children = (
				90C765A51917FA5700FD58C0 /* Foundation.framework */,
				90C765A71917FA5700FD58C0 /* CoreGraphics.framework */,
				90C765A91917FA5700FD58C0 /* UIKit.framework */,
				90C765C71917FA5700FD58C0 /* XCTest.framework */,
			);
			name = Frameworks;
			sourceTree = "<group>";
		};
		90C765AB1917FA5700FD58C0 /* GraniouProject */ = {
			isa = PBXGroup;
			children = (
				90C765B41917FA5700FD58C0 /* PBAppDelegate.h */,
				90C765B51917FA5700FD58C0 /* PBAppDelegate.m */,
				90C765B71917FA5700FD58C0 /* Main_iPhone.storyboard */,
				90C765BA1917FA5700FD58C0 /* Main_iPad.storyboard */,
				90C8015C19213B8A0024586E /* UI */,
				90C765F41918237D00FD58C0 /* Model */,
				90C765C01917FA5700FD58C0 /* Images.xcassets */,
				90C80174192143320024586E /* Categories */,
				90C765AC1917FA5700FD58C0 /* Supporting Files */,
				90CB2CBB191A64DC006AA73A /* Ressources */,
				90D00BF019236095002817BC /* Networking */,
			);
			path = GraniouProject;
			sourceTree = "<group>";
		};
		90C765AC1917FA5700FD58C0 /* Supporting Files */ = {
			isa = PBXGroup;
			children = (
				90C765AD1917FA5700FD58C0 /* GraniouProject-Info.plist */,
				90C765AE1917FA5700FD58C0 /* InfoPlist.strings */,
				90C765B11917FA5700FD58C0 /* main.m */,
				90C765B31917FA5700FD58C0 /* GraniouProject-Prefix.pch */,
			);
			name = "Supporting Files";
			sourceTree = "<group>";
		};
		90C765E01917FB8900FD58C0 /* PhotoPicker */ = {
			isa = PBXGroup;
			children = (
				90C765E91917FC7600FD58C0 /* PBTakePhotoViewController.h */,
				90C765EA1917FC7600FD58C0 /* PBTakePhotoViewController.m */,
				90C765ED1917FC7600FD58C0 /* PBSaisieCommentaireViewController.h */,
				90C765EE1917FC7600FD58C0 /* PBSaisieCommentaireViewController.m */,
			);
			name = PhotoPicker;
			sourceTree = "<group>";
		};
		90C765F41918237D00FD58C0 /* Model */ = {
			isa = PBXGroup;
			children = (
				90C801A91921704D0024586E /* PBUserSyncController.h */,
				90C801AA1921704D0024586E /* PBUserSyncController.m */,
				90B94BF0191BD87C0062F7CA /* PBChantier.h */,
				90B94BF1191BD87C0062F7CA /* PBChantier.m */,
				907A8495192A1F63003809E3 /* Taches */,
			);
			name = Model;
			sourceTree = "<group>";
		};
		90C8015C19213B8A0024586E /* UI */ = {
			isa = PBXGroup;
			children = (
				90C8015D19213BA60024586E /* Login */,
				90C8016419213F880024586E /* Navigation */,
				90C765E01917FB8900FD58C0 /* PhotoPicker */,
			);
			name = UI;
			sourceTree = "<group>";
		};
		90C8015D19213BA60024586E /* Login */ = {
			isa = PBXGroup;
			children = (
				90C8016019213BCB0024586E /* PBLoginViewController.h */,
				90C8016119213BCB0024586E /* PBLoginViewController.m */,
				90C8015E19213BCB0024586E /* PBLoadChantierController.h */,
				90C8015F19213BCB0024586E /* PBLoadChantierController.m */,
			);
			name = Login;
			sourceTree = "<group>";
		};
		90C8016419213F880024586E /* Navigation */ = {
			isa = PBXGroup;
			children = (
				90BEBE231924A30C00F72C3B /* PBPresentationChantierViewController.h */,
				90BEBE241924A30C00F72C3B /* PBPresentationChantierViewController.m */,
				90C8016519213FF60024586E /* 0-Root */,
				90C80169192140550024586E /* 1-MenuMonteur */,
				90C8016A1921406B0024586E /* 2-MenuConducteur */,
			);
			name = Navigation;
			sourceTree = "<group>";
		};
		90C8016519213FF60024586E /* 0-Root */ = {
			isa = PBXGroup;
			children = (
				90C80166192140190024586E /* PBMenuPrincipalViewController.h */,
				90C80167192140190024586E /* PBMenuPrincipalViewController.m */,
			);
			name = "0-Root";
			sourceTree = "<group>";
		};
		90C80169192140550024586E /* 1-MenuMonteur */ = {
			isa = PBXGroup;
			children = (
				90C8016B192140B60024586E /* PBMenuMonteurViewController.h */,
				90C8016C192140B60024586E /* PBMenuMonteurViewController.m */,
				90306E151926C02E002F90C8 /* 1.1-MenuChantier */,
				90306E161926C073002F90C8 /* 1.2-MenuAutoControle */,
				90306E171926C074002F90C8 /* 1.3-MenuLeveeReserve */,
			);
			name = "1-MenuMonteur";
			sourceTree = "<group>";
		};
		90C8016A1921406B0024586E /* 2-MenuConducteur */ = {
			isa = PBXGroup;
			children = (
				90C80171192140C70024586E /* PBMenuConducteurViewController.h */,
				90C80172192140C70024586E /* PBMenuConducteurViewController.m */,
			);
			name = "2-MenuConducteur";
			sourceTree = "<group>";
		};
		90C80174192143320024586E /* Categories */ = {
			isa = PBXGroup;
			children = (
				90C765E21917FC2C00FD58C0 /* UILabel+dynamicSizeMe.h */,
				90C765E31917FC2C00FD58C0 /* UILabel+dynamicSizeMe.m */,
				90C80175192144B10024586E /* UIImage+EncodeImageToString.h */,
				90C80176192144B10024586E /* UIImage+EncodeImageToString.m */,
				90C80178192145500024586E /* NSString+DecodeToImage.h */,
				90C80179192145500024586E /* NSString+DecodeToImage.m */,
			);
			name = Categories;
			sourceTree = "<group>";
		};
		90CB2CBB191A64DC006AA73A /* Ressources */ = {
			isa = PBXGroup;
			children = (
				904A8C5B19410FFF0044253F /* LogoGraniou.png */,
				90CB2CBC191A653E006AA73A /* fond-1.jpg */,
			);
			name = Ressources;
			sourceTree = "<group>";
		};
		90D00BF019236095002817BC /* Networking */ = {
			isa = PBXGroup;
			children = (
				90D00BED19236091002817BC /* PBNetworking.h */,
				90D00BEE19236091002817BC /* PBNetworking.m */,
				90CA1EF119333AFF00E335F4 /* PBNetworkingSendTaches.h */,
				90CA1EF219333AFF00E335F4 /* PBNetworkingSendTaches.m */,
			);
			name = Networking;
			sourceTree = "<group>";
		};
/* End PBXGroup section */

/* Begin PBXNativeTarget section */
		90C765A11917FA5700FD58C0 /* GraniouProject */ = {
			isa = PBXNativeTarget;
			buildConfigurationList = 90C765D71917FA5700FD58C0 /* Build configuration list for PBXNativeTarget "GraniouProject" */;
			buildPhases = (
				90C7659E1917FA5700FD58C0 /* Sources */,
				90C7659F1917FA5700FD58C0 /* Frameworks */,
				90C765A01917FA5700FD58C0 /* Resources */,
			);
			buildRules = (
			);
			dependencies = (
			);
			name = GraniouProject;
			productName = GraniouProject;
			productReference = 90C765A21917FA5700FD58C0 /* GraniouProject.app */;
			productType = "com.apple.product-type.application";
		};
/* End PBXNativeTarget section */

/* Begin PBXProject section */
		90C7659A1917FA5700FD58C0 /* Project object */ = {
			isa = PBXProject;
			attributes = {
				LastUpgradeCheck = 0510;
				ORGANIZATIONNAME = telecom;
				TargetAttributes = {
					90C765A11917FA5700FD58C0 = {
						DevelopmentTeam = FX5DHFP49L;
					};
				};
			};
			buildConfigurationList = 90C7659D1917FA5700FD58C0 /* Build configuration list for PBXProject "GraniouProject" */;
			compatibilityVersion = "Xcode 3.2";
			developmentRegion = English;
			hasScannedForEncodings = 0;
			knownRegions = (
				en,
				Base,
				fr,
			);
			mainGroup = 90C765991917FA5700FD58C0;
			productRefGroup = 90C765A31917FA5700FD58C0 /* Products */;
			projectDirPath = "";
			projectRoot = "";
			targets = (
				90C765A11917FA5700FD58C0 /* GraniouProject */,
			);
		};
/* End PBXProject section */

/* Begin PBXResourcesBuildPhase section */
		90C765A01917FA5700FD58C0 /* Resources */ = {
			isa = PBXResourcesBuildPhase;
			buildActionMask = 2147483647;
			files = (
				90C765BC1917FA5700FD58C0 /* Main_iPad.storyboard in Resources */,
				90C765C11917FA5700FD58C0 /* Images.xcassets in Resources */,
				90C765B91917FA5700FD58C0 /* Main_iPhone.storyboard in Resources */,
				90C765B01917FA5700FD58C0 /* InfoPlist.strings in Resources */,
				904A8C5C19410FFF0044253F /* LogoGraniou.png in Resources */,
				90CB2CBE191A653E006AA73A /* fond-1.jpg in Resources */,
			);
			runOnlyForDeploymentPostprocessing = 0;
		};
/* End PBXResourcesBuildPhase section */

/* Begin PBXSourcesBuildPhase section */
		90C7659E1917FA5700FD58C0 /* Sources */ = {
			isa = PBXSourcesBuildPhase;
			buildActionMask = 2147483647;
			files = (
				90C8017A192145500024586E /* NSString+DecodeToImage.m in Sources */,
				90C6F1D4192B6D98003E4A36 /* PBListeDocumentsTableTableViewController.m in Sources */,
				90CB2CBA191A2253006AA73A /* PBDetailedTacheMonteurLeveeReserveViewController.m in Sources */,
				90C765E41917FC2C00FD58C0 /* UILabel+dynamicSizeMe.m in Sources */,
				90C765B61917FA5700FD58C0 /* PBAppDelegate.m in Sources */,
				90C765F8191823BA00FD58C0 /* PBTacheMonteurLeveeReserve.m in Sources */,
				90C8016319213BCB0024586E /* PBLoginViewController.m in Sources */,
				90C765F11917FC7600FD58C0 /* PBTakePhotoViewController.m in Sources */,
				90C8016219213BCB0024586E /* PBLoadChantierController.m in Sources */,
				90CD2B22192759950018DF16 /* PBTacheMonteurChantierTableViewController.m in Sources */,
				90C765B21917FA5700FD58C0 /* main.m in Sources */,
				90C801AB1921704D0024586E /* PBUserSyncController.m in Sources */,
				90306E111926B326002F90C8 /* PBTacheMonteurChantier.m in Sources */,
				90CD2B25192764AB0018DF16 /* PBTacheMonteurLeveeReserveTableViewController.m in Sources */,
				90C8016F192140B60024586E /* PBMenuMonteurViewController.m in Sources */,
				90BEBE251924A30C00F72C3B /* PBPresentationChantierViewController.m in Sources */,
				90D00BEF19236091002817BC /* PBNetworking.m in Sources */,
				90C80170192140B60024586E /* PBMenuChantierViewController.m in Sources */,
				90C765F31917FC7600FD58C0 /* PBSaisieCommentaireViewController.m in Sources */,
				90B94BF2191BD87C0062F7CA /* PBChantier.m in Sources */,
				90C80168192140190024586E /* PBMenuPrincipalViewController.m in Sources */,
				90306E141926C019002F90C8 /* PBDetailedTacheMonteurChantierViewController.m in Sources */,
				90C80177192144B10024586E /* UIImage+EncodeImageToString.m in Sources */,
				90C80173192140C70024586E /* PBMenuConducteurViewController.m in Sources */,
				90C6F1DA192B718B003E4A36 /* PBShowPDFViewController.m in Sources */,
				90CA1EF319333AFF00E335F4 /* PBNetworkingSendTaches.m in Sources */,
			);
			runOnlyForDeploymentPostprocessing = 0;
		};
/* End PBXSourcesBuildPhase section */

/* Begin PBXVariantGroup section */
		90C765AE1917FA5700FD58C0 /* InfoPlist.strings */ = {
			isa = PBXVariantGroup;
			children = (
				90C765AF1917FA5700FD58C0 /* en */,
			);
			name = InfoPlist.strings;
			sourceTree = "<group>";
		};
		90C765B71917FA5700FD58C0 /* Main_iPhone.storyboard */ = {
			isa = PBXVariantGroup;
			children = (
				90C765B81917FA5700FD58C0 /* Base */,
			);
			name = Main_iPhone.storyboard;
			sourceTree = "<group>";
		};
		90C765BA1917FA5700FD58C0 /* Main_iPad.storyboard */ = {
			isa = PBXVariantGroup;
			children = (
				90C765BB1917FA5700FD58C0 /* Base */,
			);
			name = Main_iPad.storyboard;
			sourceTree = "<group>";
		};
/* End PBXVariantGroup section */

/* Begin XCBuildConfiguration section */
		90C765D51917FA5700FD58C0 /* Debug */ = {
			isa = XCBuildConfiguration;
			buildSettings = {
				ALWAYS_SEARCH_USER_PATHS = NO;
				CLANG_CXX_LANGUAGE_STANDARD = "gnu++0x";
				CLANG_CXX_LIBRARY = "libc++";
				CLANG_ENABLE_MODULES = YES;
				CLANG_ENABLE_OBJC_ARC = YES;
				CLANG_WARN_BOOL_CONVERSION = YES;
				CLANG_WARN_CONSTANT_CONVERSION = YES;
				CLANG_WARN_DIRECT_OBJC_ISA_USAGE = YES_ERROR;
				CLANG_WARN_EMPTY_BODY = YES;
				CLANG_WARN_ENUM_CONVERSION = YES;
				CLANG_WARN_INT_CONVERSION = YES;
				CLANG_WARN_OBJC_ROOT_CLASS = YES_ERROR;
				CLANG_WARN__DUPLICATE_METHOD_MATCH = YES;
				CODE_SIGN_IDENTITY = "iPhone Developer: Pierre Grisiglione (KCX343CWAJ)";
				COPY_PHASE_STRIP = NO;
				GCC_C_LANGUAGE_STANDARD = gnu99;
				GCC_DYNAMIC_NO_PIC = NO;
				GCC_OPTIMIZATION_LEVEL = 0;
				GCC_PREPROCESSOR_DEFINITIONS = (
					"DEBUG=1",
					"$(inherited)",
				);
				GCC_SYMBOLS_PRIVATE_EXTERN = NO;
				GCC_WARN_64_TO_32_BIT_CONVERSION = YES;
				GCC_WARN_ABOUT_RETURN_TYPE = YES_ERROR;
				GCC_WARN_UNDECLARED_SELECTOR = YES;
				GCC_WARN_UNINITIALIZED_AUTOS = YES_AGGRESSIVE;
				GCC_WARN_UNUSED_FUNCTION = YES;
				GCC_WARN_UNUSED_VARIABLE = YES;
				IPHONEOS_DEPLOYMENT_TARGET = 7.0;
				ONLY_ACTIVE_ARCH = YES;
				PRODUCT_NAME = Graniou;
				SDKROOT = iphoneos;
				TARGETED_DEVICE_FAMILY = "1,2";
			};
			name = Debug;
		};
		90C765D61917FA5700FD58C0 /* Release */ = {
			isa = XCBuildConfiguration;
			buildSettings = {
				ALWAYS_SEARCH_USER_PATHS = NO;
				CLANG_CXX_LANGUAGE_STANDARD = "gnu++0x";
				CLANG_CXX_LIBRARY = "libc++";
				CLANG_ENABLE_MODULES = YES;
				CLANG_ENABLE_OBJC_ARC = YES;
				CLANG_WARN_BOOL_CONVERSION = YES;
				CLANG_WARN_CONSTANT_CONVERSION = YES;
				CLANG_WARN_DIRECT_OBJC_ISA_USAGE = YES_ERROR;
				CLANG_WARN_EMPTY_BODY = YES;
				CLANG_WARN_ENUM_CONVERSION = YES;
				CLANG_WARN_INT_CONVERSION = YES;
				CLANG_WARN_OBJC_ROOT_CLASS = YES_ERROR;
				CLANG_WARN__DUPLICATE_METHOD_MATCH = YES;
				CODE_SIGN_IDENTITY = "iPhone Distribution: Pierre Grisiglione (FX5DHFP49L)";
				COPY_PHASE_STRIP = YES;
				ENABLE_NS_ASSERTIONS = NO;
				GCC_C_LANGUAGE_STANDARD = gnu99;
				GCC_WARN_64_TO_32_BIT_CONVERSION = YES;
				GCC_WARN_ABOUT_RETURN_TYPE = YES_ERROR;
				GCC_WARN_UNDECLARED_SELECTOR = YES;
				GCC_WARN_UNINITIALIZED_AUTOS = YES_AGGRESSIVE;
				GCC_WARN_UNUSED_FUNCTION = YES;
				GCC_WARN_UNUSED_VARIABLE = YES;
				IPHONEOS_DEPLOYMENT_TARGET = 7.0;
				PRODUCT_NAME = Graniou;
				SDKROOT = iphoneos;
				TARGETED_DEVICE_FAMILY = "1,2";
				VALIDATE_PRODUCT = YES;
			};
			name = Release;
		};
		90C765D81917FA5700FD58C0 /* Debug */ = {
			isa = XCBuildConfiguration;
			buildSettings = {
				ASSETCATALOG_COMPILER_APPICON_NAME = AppIcon;
				ASSETCATALOG_COMPILER_LAUNCHIMAGE_NAME = LaunchImage;
				CODE_SIGN_IDENTITY = "iPhone Developer";
				"CODE_SIGN_IDENTITY[sdk=iphoneos*]" = "iPhone Developer";
				GCC_PRECOMPILE_PREFIX_HEADER = YES;
				GCC_PREFIX_HEADER = "GraniouProject/GraniouProject-Prefix.pch";
				INFOPLIST_FILE = "GraniouProject/GraniouProject-Info.plist";
				IPHONEOS_DEPLOYMENT_TARGET = 7.0;
				PRODUCT_NAME = "$(TARGET_NAME)";
				PROVISIONING_PROFILE = "";
				TARGETED_DEVICE_FAMILY = 1;
				WRAPPER_EXTENSION = app;
			};
			name = Debug;
		};
		90C765D91917FA5700FD58C0 /* Release */ = {
			isa = XCBuildConfiguration;
			buildSettings = {
				ASSETCATALOG_COMPILER_APPICON_NAME = AppIcon;
				ASSETCATALOG_COMPILER_LAUNCHIMAGE_NAME = LaunchImage;
				CODE_SIGN_IDENTITY = "iPhone Developer";
				"CODE_SIGN_IDENTITY[sdk=iphoneos*]" = "iPhone Developer";
				GCC_PRECOMPILE_PREFIX_HEADER = YES;
				GCC_PREFIX_HEADER = "GraniouProject/GraniouProject-Prefix.pch";
				INFOPLIST_FILE = "GraniouProject/GraniouProject-Info.plist";
				IPHONEOS_DEPLOYMENT_TARGET = 7.0;
				PRODUCT_NAME = "$(TARGET_NAME)";
				PROVISIONING_PROFILE = "";
				TARGETED_DEVICE_FAMILY = 1;
				WRAPPER_EXTENSION = app;
			};
			name = Release;
		};
/* End XCBuildConfiguration section */

/* Begin XCConfigurationList section */
		90C7659D1917FA5700FD58C0 /* Build configuration list for PBXProject "GraniouProject" */ = {
			isa = XCConfigurationList;
			buildConfigurations = (
				90C765D51917FA5700FD58C0 /* Debug */,
				90C765D61917FA5700FD58C0 /* Release */,
			);
			defaultConfigurationIsVisible = 0;
			defaultConfigurationName = Release;
		};
		90C765D71917FA5700FD58C0 /* Build configuration list for PBXNativeTarget "GraniouProject" */ = {
			isa = XCConfigurationList;
			buildConfigurations = (
				90C765D81917FA5700FD58C0 /* Debug */,
				90C765D91917FA5700FD58C0 /* Release */,
			);
			defaultConfigurationIsVisible = 0;
			defaultConfigurationName = Release;
		};
/* End XCConfigurationList section */
	};
	rootObject = 90C7659A1917FA5700FD58C0 /* Project object */;
}
